
Microsoft Visual Studio Solution File, Format Version 12.00
# Visual Studio Version 16
VisualStudioVersion = 16.0.31829.152
MinimumVisualStudioVersion = 10.0.40219.1
Project("{FAE04EC0-301F-11D3-BF4B-00C04F79EFBC}") = "Curiosity", "Curiosity\Curiosity.csproj", "{0D573532-A074-448D-8251-F2D0B4F5F6B9}"
EndProject
Project("{FAE04EC0-301F-11D3-BF4B-00C04F79EFBC}") = "Curiosity.Application", "Curiosity.Application\Curiosity.Application.csproj", "{673A0153-FD5F-4F5F-BFC9-1BB03549F67A}"
EndProject
Project("{FAE04EC0-301F-11D3-BF4B-00C04F79EFBC}") = "Curiosity.Domain", "Curiosity.Domain\Curiosity.Domain.csproj", "{9F424D5F-2CE6-4058-B6D7-495E22B962DC}"
EndProject
Global
	GlobalSection(SolutionConfigurationPlatforms) = preSolution
		Debug|Any CPU = Debug|Any CPU
		Release|Any CPU = Release|Any CPU
	EndGlobalSection
	GlobalSection(ProjectConfigurationPlatforms) = postSolution
		{0D573532-A074-448D-8251-F2D0B4F5F6B9}.Debug|Any CPU.ActiveCfg = Debug|Any CPU
		{0D573532-A074-448D-8251-F2D0B4F5F6B9}.Debug|Any CPU.Build.0 = Debug|Any CPU
		{0D573532-A074-448D-8251-F2D0B4F5F6B9}.Release|Any CPU.ActiveCfg = Release|Any CPU
		{0D573532-A074-448D-8251-F2D0B4F5F6B9}.Release|Any CPU.Build.0 = Release|Any CPU
		{673A0153-FD5F-4F5F-BFC9-1BB03549F67A}.Debug|Any CPU.ActiveCfg = Debug|Any CPU
		{673A0153-FD5F-4F5F-BFC9-1BB03549F67A}.Debug|Any CPU.Build.0 = Debug|Any CPU
		{673A0153-FD5F-4F5F-BFC9-1BB03549F67A}.Release|Any CPU.ActiveCfg = Release|Any CPU
		{673A0153-FD5F-4F5F-BFC9-1BB03549F67A}.Release|Any CPU.Build.0 = Release|Any CPU
		{9F424D5F-2CE6-4058-B6D7-495E22B962DC}.Debug|Any CPU.ActiveCfg = Debug|Any CPU
		{9F424D5F-2CE6-4058-B6D7-495E22B962DC}.Debug|Any CPU.Build.0 = Debug|Any CPU
		{9F424D5F-2CE6-4058-B6D7-495E22B962DC}.Release|Any CPU.ActiveCfg = Release|Any CPU
		{9F424D5F-2CE6-4058-B6D7-495E22B962DC}.Release|Any CPU.Build.0 = Release|Any CPU
	EndGlobalSection
	GlobalSection(SolutionProperties) = preSolution
		HideSolutionNode = FALSE
	EndGlobalSection
	GlobalSection(ExtensibilityGlobals) = postSolution
		SolutionGuid = {600B693B-7C95-41C4-A54E-6489F8ACD0B6}
	EndGlobalSection
EndGlobal
